
Microsoft Visual Studio Solution File, Format Version 12.00
# Visual Studio 2013
VisualStudioVersion = 12.0.31101.0
MinimumVisualStudioVersion = 10.0.40219.1
Project("{F2A71F9B-5D33-465A-A702-920D77279786}") = "fscheck-alarm_system_test", "fscheck-alarm_system_test\fscheck-alarm_system_test.fsproj", "{91267302-2412-46CD-A169-14B7EF098056}"
EndProject
Project("{2150E333-8FDC-42A3-9474-1A3956D46DE8}") = ".nuget", ".nuget", "{DC99976E-E4E8-4CAD-BCF7-2F6AE0E67C24}"
	ProjectSection(SolutionItems) = preProject
		.nuget\packages.config = .nuget\packages.config
	EndProjectSection
EndProject
Project("{FAE04EC0-301F-11D3-BF4B-00C04F79EFBC}") = "alarm_system", "alarm_system\alarm_system.csproj", "{16646C44-3EC7-429A-A74E-9D217F4AE084}"
EndProject
Project("{FAE04EC0-301F-11D3-BF4B-00C04F79EFBC}") = "AlarmSystemInterface", "AlarmSystemInterface\AlarmSystemInterface.csproj", "{B597D923-67AA-4393-BF6F-ECD0724B6C49}"
EndProject
Project("{F2A71F9B-5D33-465A-A702-920D77279786}") = "alarm_system_model", "alarm_system_model\alarm_system_model.fsproj", "{A02181B0-FF15-4FAF-B641-BF1823890076}"
EndProject
Project("{FAE04EC0-301F-11D3-BF4B-00C04F79EFBC}") = "alarm_system_common", "alarm_system_common\alarm_system_common.csproj", "{51BFD1D2-0D5D-43DB-BE3F-F36262B00278}"
EndProject
Global
	GlobalSection(SolutionConfigurationPlatforms) = preSolution
		Debug|Any CPU = Debug|Any CPU
		Release|Any CPU = Release|Any CPU
	EndGlobalSection
	GlobalSection(ProjectConfigurationPlatforms) = postSolution
		{91267302-2412-46CD-A169-14B7EF098056}.Debug|Any CPU.ActiveCfg = Debug|Any CPU
		{91267302-2412-46CD-A169-14B7EF098056}.Debug|Any CPU.Build.0 = Debug|Any CPU
		{91267302-2412-46CD-A169-14B7EF098056}.Release|Any CPU.ActiveCfg = Release|Any CPU
		{91267302-2412-46CD-A169-14B7EF098056}.Release|Any CPU.Build.0 = Release|Any CPU
		{16646C44-3EC7-429A-A74E-9D217F4AE084}.Debug|Any CPU.ActiveCfg = Debug|Any CPU
		{16646C44-3EC7-429A-A74E-9D217F4AE084}.Debug|Any CPU.Build.0 = Debug|Any CPU
		{16646C44-3EC7-429A-A74E-9D217F4AE084}.Release|Any CPU.ActiveCfg = Release|Any CPU
		{16646C44-3EC7-429A-A74E-9D217F4AE084}.Release|Any CPU.Build.0 = Release|Any CPU
		{B597D923-67AA-4393-BF6F-ECD0724B6C49}.Debug|Any CPU.ActiveCfg = Debug|Any CPU
		{B597D923-67AA-4393-BF6F-ECD0724B6C49}.Debug|Any CPU.Build.0 = Debug|Any CPU
		{B597D923-67AA-4393-BF6F-ECD0724B6C49}.Release|Any CPU.ActiveCfg = Release|Any CPU
		{B597D923-67AA-4393-BF6F-ECD0724B6C49}.Release|Any CPU.Build.0 = Release|Any CPU
		{A02181B0-FF15-4FAF-B641-BF1823890076}.Debug|Any CPU.ActiveCfg = Debug|Any CPU
		{A02181B0-FF15-4FAF-B641-BF1823890076}.Debug|Any CPU.Build.0 = Debug|Any CPU
		{A02181B0-FF15-4FAF-B641-BF1823890076}.Release|Any CPU.ActiveCfg = Release|Any CPU
		{A02181B0-FF15-4FAF-B641-BF1823890076}.Release|Any CPU.Build.0 = Release|Any CPU
		{51BFD1D2-0D5D-43DB-BE3F-F36262B00278}.Debug|Any CPU.ActiveCfg = Debug|Any CPU
		{51BFD1D2-0D5D-43DB-BE3F-F36262B00278}.Debug|Any CPU.Build.0 = Debug|Any CPU
		{51BFD1D2-0D5D-43DB-BE3F-F36262B00278}.Release|Any CPU.ActiveCfg = Release|Any CPU
		{51BFD1D2-0D5D-43DB-BE3F-F36262B00278}.Release|Any CPU.Build.0 = Release|Any CPU
	EndGlobalSection
	GlobalSection(SolutionProperties) = preSolution
		HideSolutionNode = FALSE
	EndGlobalSection
EndGlobal
